PODS:
  - Alamofire (4.7.2)
  - AlamofireImage (3.3.1):
    - Alamofire (~> 4.5)
  - AXPhotoViewer (1.5.0):
    - AXPhotoViewer/Core (= 1.5.0)
  - AXPhotoViewer/Core (1.5.0):
    - AXStateButton (>= 1.1.3)
    - FLAnimatedImage (>= 1.0.0)
    - FLAnimatedImage-tvOS (>= 1.0.16)
  - AXStateButton (1.1.4)
  - FLAnimatedImage (1.0.12)

DEPENDENCIES:
  - Alamofire
  - AlamofireImage (from `https://github.com/Alamofire/AlamofireImage.git`, branch `swift4.2`)
  - AXPhotoViewer

SPEC REPOS:
  https://github.com/cocoapods/specs.git:
    - Alamofire
    - AXPhotoViewer
    - AXStateButton
    - FLAnimatedImage

EXTERNAL SOURCES:
  AlamofireImage:
    :branch: swift4.2
    :git: https://github.com/Alamofire/AlamofireImage.git

CHECKOUT OPTIONS:
  AlamofireImage:
    :commit: 75fadf98aab78c0829923dd496f369950aa32d6f
    :git: https://github.com/Alamofire/AlamofireImage.git

SPEC CHECKSUMS:
  Alamofire: e4fa87002c137ba2d8d634d2c51fabcda0d5c223
  AlamofireImage: 3b35b586853abaf94ca1250f4e94cff3c21a4c0d
  AXPhotoViewer: 76f564287c178019f29f4bd538267e6130cfbc0e
  AXStateButton: 6c515a433e37551505046429b5be04c12daa8c07
  FLAnimatedImage: 4a0b56255d9b05f18b6dd7ee06871be5d3b89e31

PODFILE CHECKSUM: 7abc3b6311f264506b3938d4cfc6bc5a63643b25

COCOAPODS: 1.5.3
